Microsoft Visual Studio Solution File, Format Version 11.00
# Visual C++ Express 2010
Project("{8BC9CEB8-8B4A-11D0-8D11-00A0C91BC942}") = "BasicEditor", "BasicEditor.vcxproj", "{658EC05C-9636-40F8-81B1-A573A1550777}"
EndProject
Global
	GlobalSection(SolutionConfigurationPlatforms) = preSolution
		Debug|Win32 = Debug|Win32
		Release|Win32 = Release|Win32
	EndGlobalSection
	GlobalSection(ProjectConfigurationPlatforms) = postSolution
		{658EC05C-9636-40F8-81B1-A573A1550777}.Debug|Win32.ActiveCfg = Debug|Win32
		{658EC05C-9636-40F8-81B1-A573A1550777}.Debug|Win32.Build.0 = Debug|Win32
		{658EC05C-9636-40F8-81B1-A573A1550777}.Release|Win32.ActiveCfg = Release|Win32
		{658EC05C-9636-40F8-81B1-A573A1550777}.Release|Win32.Build.0 = Release|Win32
	EndGlobalSection
	GlobalSection(SolutionProperties) = preSolution
		HideSolutionNode = FALSE
	EndGlobalSection
EndGlobal
