// !$*UTF8*$!
{
	archiveVersion = 1;
	classes = {
	};
	objectVersion = 45;
	objects = {

/* Begin PBXBuildFile section */
		0091D8F90E81B9330029341E /* OpenGL.framework in Frameworks */ = {isa = PBXBuildFile; fileRef = 0091D8F80E81B9330029341E /* OpenGL.framework */; };
		00B784B30FF439BC000DE1D7 /* Accelerate.framework in Frameworks */ = {isa = PBXBuildFile; fileRef = 00B784AF0FF439BC000DE1D7 /* Accelerate.framework */; };
		00B784B40FF439BC000DE1D7 /* AudioToolbox.framework in Frameworks */ = {isa = PBXBuildFile; fileRef = 00B784B00FF439BC000DE1D7 /* AudioToolbox.framework */; };
		00B784B50FF439BC000DE1D7 /* AudioUnit.framework in Frameworks */ = {isa = PBXBuildFile; fileRef = 00B784B10FF439BC000DE1D7 /* AudioUnit.framework */; };
		00B784B60FF439BC000DE1D7 /* CoreAudio.framework in Frameworks */ = {isa = PBXBuildFile; fileRef = 00B784B20FF439BC000DE1D7 /* CoreAudio.framework */; };
		0F97890F7F4D4E66854051EE /* CodeEditor in CopyFiles */ = {isa = PBXBuildFile; fileRef = 1BCC4FD7CF814470B1158AA1 /* CodeEditor */; };
		382D405D5EED4543951895F5 /* MultiWindowApp.cpp in Sources */ = {isa = PBXBuildFile; fileRef = A08697271B634933BC3E5476 /* MultiWindowApp.cpp */; };
		5323E6B20EAFCA74003A9687 /* CoreVideo.framework in Frameworks */ = {isa = PBXBuildFile; fileRef = 5323E6B10EAFCA74003A9687 /* CoreVideo.framework */; };
		5323E6B60EAFCA7E003A9687 /* QTKit.framework in Frameworks */ = {isa = PBXBuildFile; fileRef = 5323E6B50EAFCA7E003A9687 /* QTKit.framework */; };
		7B81284C89C940328A8C942E /* Awesomium.framework in CopyFiles */ = {isa = PBXBuildFile; fileRef = E9521103E436413A8ED8B2F2 /* Awesomium.framework */; };
		8D11072F0486CEB800E47090 /* Cocoa.framework in Frameworks */ = {isa = PBXBuildFile; fileRef = 1058C7A1FEA54F0111CA2CBB /* Cocoa.framework */; };
		E425DD47C46A4060B56FA694 /* CodeEditor.cpp in Sources */ = {isa = PBXBuildFile; fileRef = C5916B945C984D36BCE6D2AC /* CodeEditor.cpp */; };
		E73FD9056FBF404EB270E1C3 /* CinderApp.icns in Resources */ = {isa = PBXBuildFile; fileRef = 58659B918F9643A7A3C83A5E /* CinderApp.icns */; };
		E8E23DF6971548A993C44AC9 /* Awesomium.framework in Frameworks */ = {isa = PBXBuildFile; fileRef = FA3A5005F9AA470699710C75 /* Awesomium.framework */; };
/* End PBXBuildFile section */

/* Begin PBXCopyFilesBuildPhase section */
		512A88DE160F4E579B746D94 /* CopyFiles */ = {
			isa = PBXCopyFilesBuildPhase;
			buildActionMask = 2147483647;
			dstPath = "";
			dstSubfolderSpec = 6;
			files = (
				7B81284C89C940328A8C942E /* Awesomium.framework in CopyFiles */,
			);
			runOnlyForDeploymentPostprocessing = 0;
		};
		CC8283AFE0004031BBBD648D /* CopyFiles */ = {
			isa = PBXCopyFilesBuildPhase;
			buildActionMask = 2147483647;
			dstPath = "";
			dstSubfolderSpec = 6;
			files = (
				0F97890F7F4D4E66854051EE /* CodeEditor in CopyFiles */,
			);
			runOnlyForDeploymentPostprocessing = 0;
		};
/* End PBXCopyFilesBuildPhase section */

/* Begin PBXFileReference section */
		0091D8F80E81B9330029341E /* OpenGL.framework */ = {isa = PBXFileReference; lastKnownFileType = wrapper.framework; name = OpenGL.framework; path = /System/Library/Frameworks/OpenGL.framework; sourceTree = "<absolute>"; };
		00B784AF0FF439BC000DE1D7 /* Accelerate.framework */ = {isa = PBXFileReference; lastKnownFileType = wrapper.framework; name = Accelerate.framework; path = System/Library/Frameworks/Accelerate.framework; sourceTree = SDKROOT; };
		00B784B00FF439BC000DE1D7 /* AudioToolbox.framework */ = {isa = PBXFileReference; lastKnownFileType = wrapper.framework; name = AudioToolbox.framework; path = System/Library/Frameworks/AudioToolbox.framework; sourceTree = SDKROOT; };
		00B784B10FF439BC000DE1D7 /* AudioUnit.framework */ = {isa = PBXFileReference; lastKnownFileType = wrapper.framework; name = AudioUnit.framework; path = System/Library/Frameworks/AudioUnit.framework; sourceTree = SDKROOT; };
		00B784B20FF439BC000DE1D7 /* CoreAudio.framework */ = {isa = PBXFileReference; lastKnownFileType = wrapper.framework; name = CoreAudio.framework; path = System/Library/Frameworks/CoreAudio.framework; sourceTree = SDKROOT; };
		03F9451FFCC74058A2E3485C /* CodeEditor.h */ = {isa = PBXFileReference; lastKnownFileType = sourcecode.c.h; name = CodeEditor.h; path = ../../../include/CodeEditor.h; sourceTree = "<group>"; };
		1058C7A1FEA54F0111CA2CBB /* Cocoa.framework */ = {isa = PBXFileReference; lastKnownFileType = wrapper.framework; name = Cocoa.framework; path = /System/Library/Frameworks/Cocoa.framework; sourceTree = "<absolute>"; };
		1BCC4FD7CF814470B1158AA1 /* CodeEditor */ = {isa = PBXFileReference; lastKnownFileType = "\"\""; name = CodeEditor; path = ../../../resources/CodeEditor; sourceTree = "<group>"; };
		29B97324FDCFA39411CA2CEA /* AppKit.framework */ = {isa = PBXFileReference; lastKnownFileType = wrapper.framework; name = AppKit.framework; path = /System/Library/Frameworks/AppKit.framework; sourceTree = "<absolute>"; };
		29B97325FDCFA39411CA2CEA /* Foundation.framework */ = {isa = PBXFileReference; lastKnownFileType = wrapper.framework; name = Foundation.framework; path = /System/Library/Frameworks/Foundation.framework; sourceTree = "<absolute>"; };
		2BB619BC67F041179F5FEFE4 /* MultiWindow_Prefix.pch */ = {isa = PBXFileReference; lastKnownFileType = "\"\""; path = MultiWindow_Prefix.pch; sourceTree = "<group>"; };
		391F4F941BB14B5D9AFB4B69 /* Resources.h */ = {isa = PBXFileReference; lastKnownFileType = sourcecode.c.h; name = Resources.h; path = ../include/Resources.h; sourceTree = "<group>"; };
		5323E6B10EAFCA74003A9687 /* CoreVideo.framework */ = {isa = PBXFileReference; lastKnownFileType = wrapper.framework; name = CoreVideo.framework; path = /System/Library/Frameworks/CoreVideo.framework; sourceTree = "<absolute>"; };
		5323E6B50EAFCA7E003A9687 /* QTKit.framework */ = {isa = PBXFileReference; lastKnownFileType = wrapper.framework; name = QTKit.framework; path = /System/Library/Frameworks/QTKit.framework; sourceTree = "<absolute>"; };
		58659B918F9643A7A3C83A5E /* CinderApp.icns */ = {isa = PBXFileReference; lastKnownFileType = image.icns; name = CinderApp.icns; path = ../resources/CinderApp.icns; sourceTree = "<group>"; };
		8AA878EC14544CC6BB9BB37D /* Info.plist */ = {isa = PBXFileReference; lastKnownFileType = text.plist.xml; path = Info.plist; sourceTree = "<group>"; };
		8D1107320486CEB800E47090 /* MultiWindow.app */ = {isa = PBXFileReference; explicitFileType = wrapper.application; includeInIndex = 0; path = MultiWindow.app; sourceTree = BUILT_PRODUCTS_DIR; };
		A08697271B634933BC3E5476 /* MultiWindowApp.cpp */ = {isa = PBXFileReference; lastKnownFileType = sourcecode.c.cpp; name = MultiWindowApp.cpp; path = ../src/MultiWindowApp.cpp; sourceTree = "<group>"; };
		C5916B945C984D36BCE6D2AC /* CodeEditor.cpp */ = {isa = PBXFileReference; lastKnownFileType = sourcecode.c.cpp; name = CodeEditor.cpp; path = ../../../include/CodeEditor.cpp; sourceTree = "<group>"; };
		D69796B07CC441F2B56F11BE /* CinderAwesomium.h */ = {isa = PBXFileReference; lastKnownFileType = sourcecode.c.h; name = CinderAwesomium.h; path = "../../../../Cinder-Awesomium/include/CinderAwesomium.h"; sourceTree = "<group>"; };
		E9521103E436413A8ED8B2F2 /* Awesomium.framework */ = {isa = PBXFileReference; lastKnownFileType = wrapper.framework; name = Awesomium.framework; path = "../../../../Cinder-Awesomium/build/lib/macosx/Awesomium.framework"; sourceTree = "<group>"; };
		FA3A5005F9AA470699710C75 /* Awesomium.framework */ = {isa = PBXFileReference; lastKnownFileType = wrapper.framework; name = Awesomium.framework; path = "../../../../Cinder-Awesomium/build/lib/macosx/Awesomium.framework"; sourceTree = "<group>"; };
/* End PBXFileReference section */

/* Begin PBXFrameworksBuildPhase section */
		8D11072E0486CEB800E47090 /* Frameworks */ = {
			isa = PBXFrameworksBuildPhase;
			buildActionMask = 2147483647;
			files = (
				E8E23DF6971548A993C44AC9 /* Awesomium.framework in Frameworks */,
				8D11072F0486CEB800E47090 /* Cocoa.framework in Frameworks */,
				0091D8F90E81B9330029341E /* OpenGL.framework in Frameworks */,
				5323E6B20EAFCA74003A9687 /* CoreVideo.framework in Frameworks */,
				5323E6B60EAFCA7E003A9687 /* QTKit.framework in Frameworks */,
				00B784B30FF439BC000DE1D7 /* Accelerate.framework in Frameworks */,
				00B784B40FF439BC000DE1D7 /* AudioToolbox.framework in Frameworks */,
				00B784B50FF439BC000DE1D7 /* AudioUnit.framework in Frameworks */,
				00B784B60FF439BC000DE1D7 /* CoreAudio.framework in Frameworks */,
			);
			runOnlyForDeploymentPostprocessing = 0;
		};
/* End PBXFrameworksBuildPhase section */

/* Begin PBXGroup section */
		01B97315FEAEA392516A2CEA /* Blocks */ = {
			isa = PBXGroup;
			children = (
				1B0EBAA407954392984F6484 /* Awesomium */,
				76A5CC014DD84A3FBD489B9A /* CodeEditor */,
			);
			name = Blocks;
			sourceTree = "<group>";
		};
		080E96DDFE201D6D7F000001 /* Source */ = {
			isa = PBXGroup;
			children = (
				A08697271B634933BC3E5476 /* MultiWindowApp.cpp */,
			);
			name = Source;
			sourceTree = "<group>";
		};
		1058C7A0FEA54F0111CA2CBB /* Linked Frameworks */ = {
			isa = PBXGroup;
			children = (
				00B784AF0FF439BC000DE1D7 /* Accelerate.framework */,
				00B784B00FF439BC000DE1D7 /* AudioToolbox.framework */,
				00B784B10FF439BC000DE1D7 /* AudioUnit.framework */,
				00B784B20FF439BC000DE1D7 /* CoreAudio.framework */,
				5323E6B50EAFCA7E003A9687 /* QTKit.framework */,
				5323E6B10EAFCA74003A9687 /* CoreVideo.framework */,
				0091D8F80E81B9330029341E /* OpenGL.framework */,
				1058C7A1FEA54F0111CA2CBB /* Cocoa.framework */,
			);
			name = "Linked Frameworks";
			sourceTree = "<group>";
		};
		1058C7A2FEA54F0111CA2CBB /* Other Frameworks */ = {
			isa = PBXGroup;
			children = (
				29B97324FDCFA39411CA2CEA /* AppKit.framework */,
				29B97325FDCFA39411CA2CEA /* Foundation.framework */,
			);
			name = "Other Frameworks";
			sourceTree = "<group>";
		};
		19C28FACFE9D520D11CA2CBB /* Products */ = {
			isa = PBXGroup;
			children = (
				8D1107320486CEB800E47090 /* MultiWindow.app */,
			);
			name = Products;
			sourceTree = "<group>";
		};
		1B0EBAA407954392984F6484 /* Awesomium */ = {
			isa = PBXGroup;
			children = (
				DE2533735FFA4E1E8C023035 /* include */,
				E6F7798EC5654CDDBAE6FDBE /* build */,
			);
			name = Awesomium;
			sourceTree = "<group>";
		};
		29B97314FDCFA39411CA2CEA /* MultiWindow */ = {
			isa = PBXGroup;
			children = (
				01B97315FEAEA392516A2CEA /* Blocks */,
				29B97315FDCFA39411CA2CEA /* Headers */,
				080E96DDFE201D6D7F000001 /* Source */,
				29B97317FDCFA39411CA2CEA /* Resources */,
				29B97323FDCFA39411CA2CEA /* Frameworks */,
				19C28FACFE9D520D11CA2CBB /* Products */,
			);
			name = MultiWindow;
			sourceTree = "<group>";
		};
		29B97315FDCFA39411CA2CEA /* Headers */ = {
			isa = PBXGroup;
			children = (
				391F4F941BB14B5D9AFB4B69 /* Resources.h */,
				2BB619BC67F041179F5FEFE4 /* MultiWindow_Prefix.pch */,
			);
			name = Headers;
			sourceTree = "<group>";
		};
		29B97317FDCFA39411CA2CEA /* Resources */ = {
			isa = PBXGroup;
			children = (
				58659B918F9643A7A3C83A5E /* CinderApp.icns */,
				8AA878EC14544CC6BB9BB37D /* Info.plist */,
			);
			name = Resources;
			sourceTree = "<group>";
		};
		29B97323FDCFA39411CA2CEA /* Frameworks */ = {
			isa = PBXGroup;
			children = (
				1058C7A0FEA54F0111CA2CBB /* Linked Frameworks */,
				1058C7A2FEA54F0111CA2CBB /* Other Frameworks */,
			);
			name = Frameworks;
			sourceTree = "<group>";
		};
		4A7ED742A18A489EA9431756 /* resources */ = {
			isa = PBXGroup;
			children = (
				1BCC4FD7CF814470B1158AA1 /* CodeEditor */,
			);
			name = resources;
			sourceTree = "<group>";
		};
		76A5CC014DD84A3FBD489B9A /* CodeEditor */ = {
			isa = PBXGroup;
			children = (
				8E0E6F9EC0AC45FB850A0EE0 /* include */,
				4A7ED742A18A489EA9431756 /* resources */,
			);
			name = CodeEditor;
			sourceTree = "<group>";
		};
		8E0E6F9EC0AC45FB850A0EE0 /* include */ = {
			isa = PBXGroup;
			children = (
				C5916B945C984D36BCE6D2AC /* CodeEditor.cpp */,
				03F9451FFCC74058A2E3485C /* CodeEditor.h */,
			);
			name = include;
			sourceTree = "<group>";
		};
		B959972D7E1D4AA1BECD4465 /* lib */ = {
			isa = PBXGroup;
			children = (
				E6F448CEBC60437EB43519DB /* macosx */,
			);
			name = lib;
			sourceTree = "<group>";
		};
		DE2533735FFA4E1E8C023035 /* include */ = {
			isa = PBXGroup;
			children = (
				D69796B07CC441F2B56F11BE /* CinderAwesomium.h */,
			);
			name = include;
			sourceTree = "<group>";
		};
		E6F448CEBC60437EB43519DB /* macosx */ = {
			isa = PBXGroup;
			children = (
				FA3A5005F9AA470699710C75 /* Awesomium.framework */,
				E9521103E436413A8ED8B2F2 /* Awesomium.framework */,
			);
			name = macosx;
			sourceTree = "<group>";
		};
		E6F7798EC5654CDDBAE6FDBE /* build */ = {
			isa = PBXGroup;
			children = (
				B959972D7E1D4AA1BECD4465 /* lib */,
			);
			name = build;
			sourceTree = "<group>";
		};
/* End PBXGroup section */

/* Begin PBXNativeTarget section */
		8D1107260486CEB800E47090 /* MultiWindow */ = {
			isa = PBXNativeTarget;
			buildConfigurationList = C01FCF4A08A954540054247B /* Build configuration list for PBXNativeTarget "MultiWindow" */;
			buildPhases = (
				8D1107290486CEB800E47090 /* Resources */,
				8D11072C0486CEB800E47090 /* Sources */,
				8D11072E0486CEB800E47090 /* Frameworks */,
				512A88DE160F4E579B746D94 /* CopyFiles */,
				CC8283AFE0004031BBBD648D /* CopyFiles */,
			);
			buildRules = (
			);
			dependencies = (
			);
			name = MultiWindow;
			productInstallPath = "$(HOME)/Applications";
			productName = MultiWindow;
			productReference = 8D1107320486CEB800E47090 /* MultiWindow.app */;
			productType = "com.apple.product-type.application";
		};
/* End PBXNativeTarget section */

/* Begin PBXProject section */
		29B97313FDCFA39411CA2CEA /* Project object */ = {
			isa = PBXProject;
			buildConfigurationList = C01FCF4E08A954540054247B /* Build configuration list for PBXProject "MultiWindow" */;
			compatibilityVersion = "Xcode 3.1";
			developmentRegion = English;
			hasScannedForEncodings = 1;
			knownRegions = (
				English,
				Japanese,
				French,
				German,
			);
			mainGroup = 29B97314FDCFA39411CA2CEA /* MultiWindow */;
			projectDirPath = "";
			projectRoot = "";
			targets = (
				8D1107260486CEB800E47090 /* MultiWindow */,
			);
		};
/* End PBXProject section */

/* Begin PBXResourcesBuildPhase section */
		8D1107290486CEB800E47090 /* Resources */ = {
			isa = PBXResourcesBuildPhase;
			buildActionMask = 2147483647;
			files = (
				E73FD9056FBF404EB270E1C3 /* CinderApp.icns in Resources */,
			);
			runOnlyForDeploymentPostprocessing = 0;
		};
/* End PBXResourcesBuildPhase section */

/* Begin PBXSourcesBuildPhase section */
		8D11072C0486CEB800E47090 /* Sources */ = {
			isa = PBXSourcesBuildPhase;
			buildActionMask = 2147483647;
			files = (
				382D405D5EED4543951895F5 /* MultiWindowApp.cpp in Sources */,
				E425DD47C46A4060B56FA694 /* CodeEditor.cpp in Sources */,
			);
			runOnlyForDeploymentPostprocessing = 0;
		};
/* End PBXSourcesBuildPhase section */

/* Begin XCBuildConfiguration section */
		C01FCF4B08A954540054247B /* Debug */ = {
			isa = XCBuildConfiguration;
			buildSettings = {
				COMBINE_HIDPI_IMAGES = YES;
				COPY_PHASE_STRIP = NO;
				DEAD_CODE_STRIPPING = YES;
				FRAMEWORK_SEARCH_PATHS = (
					"$(inherited)",
					"\"$(SRCROOT)/../../../../Cinder-Awesomium/build/lib/macosx\"",
				);
				GCC_DYNAMIC_NO_PIC = NO;
				GCC_INLINES_ARE_PRIVATE_EXTERN = YES;
				GCC_OPTIMIZATION_LEVEL = 0;
				GCC_PRECOMPILE_PREFIX_HEADER = YES;
				GCC_PREFIX_HEADER = MultiWindow_Prefix.pch;
				GCC_SYMBOLS_PRIVATE_EXTERN = NO;
				HEADER_SEARCH_PATHS = (
					"\"$(CINDER_PATH)/boost\"",
					"../../../../Cinder-Awesomium/include",
				);
				INFOPLIST_FILE = Info.plist;
				INSTALL_PATH = "$(HOME)/Applications";
				OTHER_LDFLAGS = "\"$(CINDER_PATH)/lib/libcinder_d.a\"";
				PRODUCT_NAME = MultiWindow;
				SYMROOT = ./build;
				WRAPPER_EXTENSION = app;
			};
			name = Debug;
		};
		C01FCF4C08A954540054247B /* Release */ = {
			isa = XCBuildConfiguration;
			buildSettings = {
				COMBINE_HIDPI_IMAGES = YES;
				DEAD_CODE_STRIPPING = YES;
				DEBUG_INFORMATION_FORMAT = "dwarf-with-dsym";
				FRAMEWORK_SEARCH_PATHS = (
					"$(inherited)",
					"\"$(SRCROOT)/../../../../Cinder-Awesomium/build/lib/macosx\"",
				);
				GCC_FAST_MATH = YES;
				GCC_GENERATE_DEBUGGING_SYMBOLS = NO;
				GCC_INLINES_ARE_PRIVATE_EXTERN = YES;
				GCC_OPTIMIZATION_LEVEL = 3;
				GCC_PRECOMPILE_PREFIX_HEADER = YES;
				GCC_PREFIX_HEADER = MultiWindow_Prefix.pch;
				GCC_SYMBOLS_PRIVATE_EXTERN = NO;
				HEADER_SEARCH_PATHS = (
					"\"$(CINDER_PATH)/boost\"",
					"../../../../Cinder-Awesomium/include",
				);
				INFOPLIST_FILE = Info.plist;
				INSTALL_PATH = "$(HOME)/Applications";
				OTHER_LDFLAGS = "\"$(CINDER_PATH)/lib/libcinder.a\"";
				PRODUCT_NAME = MultiWindow;
				STRIP_INSTALLED_PRODUCT = YES;
				SYMROOT = ./build;
				WRAPPER_EXTENSION = app;
			};
			name = Release;
		};
		C01FCF4F08A954540054247B /* Debug */ = {
			isa = XCBuildConfiguration;
			buildSettings = {
				ALWAYS_SEARCH_USER_PATHS = NO;
				ARCHS = i386;
				CINDER_PATH = ../../../../..;
				CLANG_CXX_LANGUAGE_STANDARD = "c++0x";
				CLANG_CXX_LIBRARY = "libc++";
				GCC_WARN_ABOUT_RETURN_TYPE = YES;
				GCC_WARN_UNUSED_VARIABLE = YES;
				HEADER_SEARCH_PATHS = "\"$(CINDER_PATH)/boost\"";
				MACOSX_DEPLOYMENT_TARGET = 10.7;
				SDKROOT = macosx;
				USER_HEADER_SEARCH_PATHS = "\"$(CINDER_PATH)/include\" ../include ../../../../Cinder-Awesomium/include ../../../include";
			};
			name = Debug;
		};
		C01FCF5008A954540054247B /* Release */ = {
			isa = XCBuildConfiguration;
			buildSettings = {
				ALWAYS_SEARCH_USER_PATHS = NO;
				ARCHS = i386;
				CINDER_PATH = ../../../../..;
				CLANG_CXX_LANGUAGE_STANDARD = "c++0x";
				CLANG_CXX_LIBRARY = "libc++";
				GCC_WARN_ABOUT_RETURN_TYPE = YES;
				GCC_WARN_UNUSED_VARIABLE = YES;
				HEADER_SEARCH_PATHS = "\"$(CINDER_PATH)/boost\"";
				MACOSX_DEPLOYMENT_TARGET = 10.7;
				SDKROOT = macosx;
				USER_HEADER_SEARCH_PATHS = "\"$(CINDER_PATH)/include\" ../include ../../../../Cinder-Awesomium/include ../../../include";
			};
			name = Release;
		};
/* End XCBuildConfiguration section */

/* Begin XCConfigurationList section */
		C01FCF4A08A954540054247B /* Build configuration list for PBXNativeTarget "MultiWindow" */ = {
			isa = XCConfigurationList;
			buildConfigurations = (
				C01FCF4B08A954540054247B /* Debug */,
				C01FCF4C08A954540054247B /* Release */,
			);
			defaultConfigurationIsVisible = 0;
			defaultConfigurationName = Release;
		};
		C01FCF4E08A954540054247B /* Build configuration list for PBXProject "MultiWindow" */ = {
			isa = XCConfigurationList;
			buildConfigurations = (
				C01FCF4F08A954540054247B /* Debug */,
				C01FCF5008A954540054247B /* Release */,
			);
			defaultConfigurationIsVisible = 0;
			defaultConfigurationName = Release;
		};
/* End XCConfigurationList section */
	};
	rootObject = 29B97313FDCFA39411CA2CEA /* Project object */;
}
