Microsoft Visual Studio Solution File, Format Version 11.00
# Visual C++ Express 2010
Project("{8BC9CEB8-8B4A-11D0-8D11-00A0C91BC942}") = "MultipleFiles", "MultipleFiles.vcxproj", "{7E6C0166-30B2-40A8-82B1-3B5C35199AAC}"
EndProject
Global
	GlobalSection(SolutionConfigurationPlatforms) = preSolution
		Debug|Win32 = Debug|Win32
		Release|Win32 = Release|Win32
	EndGlobalSection
	GlobalSection(ProjectConfigurationPlatforms) = postSolution
		{7E6C0166-30B2-40A8-82B1-3B5C35199AAC}.Debug|Win32.ActiveCfg = Debug|Win32
		{7E6C0166-30B2-40A8-82B1-3B5C35199AAC}.Debug|Win32.Build.0 = Debug|Win32
		{7E6C0166-30B2-40A8-82B1-3B5C35199AAC}.Release|Win32.ActiveCfg = Release|Win32
		{7E6C0166-30B2-40A8-82B1-3B5C35199AAC}.Release|Win32.Build.0 = Release|Win32
	EndGlobalSection
	GlobalSection(SolutionProperties) = preSolution
		HideSolutionNode = FALSE
	EndGlobalSection
EndGlobal
